{
  "requires": true,
  "lockfileVersion": 1,
  "dependencies": {
    "@iamtherealgd/dummydata": {
      "version": "2.2.0",
      "resolved": "https://registry.npmjs.org/@iamtherealgd/dummydata/-/dummydata-2.2.0.tgz",
      "integrity": "sha512-pfI1ekSZCvDZGiccVLZaxRWjfcxiYKyXIoyUnLDFADqdfU6T4w5B6/BCB+qRSUt1TbzChlCdavNiDZKJXd+Wyw==",
      "requires": {
        "@iamtherealgd/dummydata": "^2.1.0"
      }
    }
  }
}
